
Microsoft Visual Studio Solution File, Format Version 12.00
# Visual Studio Version 16
VisualStudioVersion = 16.0.29509.3
MinimumVisualStudioVersion = 10.0.40219.1
Project("{FAE04EC0-301F-11D3-BF4B-00C04F79EFBC}") = "Tema07", "Tema07\Tema07.csproj", "{5C17FF74-B688-425A-8AC8-E0274FF8A889}"
EndProject
Global
	GlobalSection(SolutionConfigurationPlatforms) = preSolution
		Debug|Any CPU = Debug|Any CPU
		Release|Any CPU = Release|Any CPU
	EndGlobalSection
	GlobalSection(ProjectConfigurationPlatforms) = postSolution
		{5C17FF74-B688-425A-8AC8-E0274FF8A889}.Debug|Any CPU.ActiveCfg = Debug|Any CPU
		{5C17FF74-B688-425A-8AC8-E0274FF8A889}.Debug|Any CPU.Build.0 = Debug|Any CPU
		{5C17FF74-B688-425A-8AC8-E0274FF8A889}.Release|Any CPU.ActiveCfg = Release|Any CPU
		{5C17FF74-B688-425A-8AC8-E0274FF8A889}.Release|Any CPU.Build.0 = Release|Any CPU
	EndGlobalSection
	GlobalSection(SolutionProperties) = preSolution
		HideSolutionNode = FALSE
	EndGlobalSection
	GlobalSection(ExtensibilityGlobals) = postSolution
		SolutionGuid = {4D70A98E-E0B7-4B30-937C-83377E750AAE}
	EndGlobalSection
EndGlobal
